
Microsoft Visual Studio Solution File, Format Version 12.00
# Visual Studio Version 16
VisualStudioVersion = 16.0.29709.97
MinimumVisualStudioVersion = 10.0.40219.1
Project("{8BC9CEB8-8B4A-11D0-8D11-00A0C91BC942}") = "4095", "4095\4095.vcxproj", "{45973164-46F9-4D21-AFB0-A2CBF3C52933}"
EndProject
Global
	GlobalSection(SolutionConfigurationPlatforms) = preSolution
		Debug|x64 = Debug|x64
		Debug|x86 = Debug|x86
		Release|x64 = Release|x64
		Release|x86 = Release|x86
	EndGlobalSection
	GlobalSection(ProjectConfigurationPlatforms) = postSolution
		{45973164-46F9-4D21-AFB0-A2CBF3C52933}.Debug|x64.ActiveCfg = Debug|x64
		{45973164-46F9-4D21-AFB0-A2CBF3C52933}.Debug|x64.Build.0 = Debug|x64
		{45973164-46F9-4D21-AFB0-A2CBF3C52933}.Debug|x86.ActiveCfg = Debug|Win32
		{45973164-46F9-4D21-AFB0-A2CBF3C52933}.Debug|x86.Build.0 = Debug|Win32
		{45973164-46F9-4D21-AFB0-A2CBF3C52933}.Release|x64.ActiveCfg = Release|x64
		{45973164-46F9-4D21-AFB0-A2CBF3C52933}.Release|x64.Build.0 = Release|x64
		{45973164-46F9-4D21-AFB0-A2CBF3C52933}.Release|x86.ActiveCfg = Release|Win32
		{45973164-46F9-4D21-AFB0-A2CBF3C52933}.Release|x86.Build.0 = Release|Win32
	EndGlobalSection
	GlobalSection(SolutionProperties) = preSolution
		HideSolutionNode = FALSE
	EndGlobalSection
	GlobalSection(ExtensibilityGlobals) = postSolution
		SolutionGuid = {50E0D314-8148-4F81-BD0D-EEECBB35805B}
	EndGlobalSection
EndGlobal
